
Microsoft Visual Studio Solution File, Format Version 12.00
# Visual Studio Version 16
VisualStudioVersion = 16.0.30907.101
MinimumVisualStudioVersion = 10.0.40219.1
Project("{FAE04EC0-301F-11D3-BF4B-00C04F79EFBC}") = "Kamp-GameProject", "Kamp-GameProject\Kamp-GameProject.csproj", "{127011C3-F97C-4E33-B8FF-48D79F9B67DD}"
EndProject
Global
	GlobalSection(SolutionConfigurationPlatforms) = preSolution
		Debug|Any CPU = Debug|Any CPU
		Release|Any CPU = Release|Any CPU
	EndGlobalSection
	GlobalSection(ProjectConfigurationPlatforms) = postSolution
		{127011C3-F97C-4E33-B8FF-48D79F9B67DD}.Debug|Any CPU.ActiveCfg = Debug|Any CPU
		{127011C3-F97C-4E33-B8FF-48D79F9B67DD}.Debug|Any CPU.Build.0 = Debug|Any CPU
		{127011C3-F97C-4E33-B8FF-48D79F9B67DD}.Release|Any CPU.ActiveCfg = Release|Any CPU
		{127011C3-F97C-4E33-B8FF-48D79F9B67DD}.Release|Any CPU.Build.0 = Release|Any CPU
	EndGlobalSection
	GlobalSection(SolutionProperties) = preSolution
		HideSolutionNode = FALSE
	EndGlobalSection
	GlobalSection(ExtensibilityGlobals) = postSolution
		SolutionGuid = {D74F1B8B-3BED-4369-800C-AB6ACB7392EB}
	EndGlobalSection
EndGlobal
